# This file is automatically @generated by Cargo.
# It is not intended for manual editing.
version = 3

[[package]]
name = "cons"
version = "0.1.0"
source = "registry+https://github.com/rust-lang/crates.io-index"
checksum = "fb4999814fed8ef399077208e55eb42f50fa3c6a1d349c4901796ec787c6982f"

[[package]]
name = "enums"
version = "0.1.0"
dependencies = [
 "cons",
 "list",
]

[[package]]
name = "list"
version = "0.1.3"
source = "registry+https://github.com/rust-lang/crates.io-index"
checksum = "522d1a07016c162161bda4e44a87471282655e828ee613403529a9023e431408"
